// !$*UTF8*$!
{
	archiveVersion = 1;
	classes = {
	};
	objectVersion = 50;
	objects = {

/* Begin PBXBuildFile section */
		7445DBC925A46CFC009A0739 /* AppDelegate.m in Sources */ = {isa = PBXBuildFile; fileRef = 7445DBC825A46CFC009A0739 /* AppDelegate.m */; };
		7445DBCC25A46CFC009A0739 /* SceneDelegate.m in Sources */ = {isa = PBXBuildFile; fileRef = 7445DBCB25A46CFC009A0739 /* SceneDelegate.m */; };
		7445DBCF25A46CFC009A0739 /* ViewController.m in Sources */ = {isa = PBXBuildFile; fileRef = 7445DBCE25A46CFC009A0739 /* ViewController.m */; };
		7445DBD225A46CFC009A0739 /* Main.storyboard in Resources */ = {isa = PBXBuildFile; fileRef = 7445DBD025A46CFC009A0739 /* Main.storyboard */; };
		7445DBD425A46CFD009A0739 /* Assets.xcassets in Resources */ = {isa = PBXBuildFile; fileRef = 7445DBD325A46CFD009A0739 /* Assets.xcassets */; };
		7445DBD725A46CFD009A0739 /* LaunchScreen.storyboard in Resources */ = {isa = PBXBuildFile; fileRef = 7445DBD525A46CFD009A0739 /* LaunchScreen.storyboard */; };
		7445DBDA25A46CFD009A0739 /* main.m in Sources */ = {isa = PBXBuildFile; fileRef = 7445DBD925A46CFD009A0739 /* main.m */; };
		7445DBF325A46E90009A0739 /* CRPC100ViewController.m in Sources */ = {isa = PBXBuildFile; fileRef = 7445DBF125A46E90009A0739 /* CRPC100ViewController.m */; };
		7445DBF425A46E90009A0739 /* CRPC100ViewController.xib in Resources */ = {isa = PBXBuildFile; fileRef = 7445DBF225A46E90009A0739 /* CRPC100ViewController.xib */; };
		7445DC0225A46EA5009A0739 /* CRResult.m in Sources */ = {isa = PBXBuildFile; fileRef = 7445DBF725A46EA4009A0739 /* CRResult.m */; };
		7445DC0325A46EA5009A0739 /* CRProgress.m in Sources */ = {isa = PBXBuildFile; fileRef = 7445DBF825A46EA4009A0739 /* CRProgress.m */; };
		7445DC0425A46EA5009A0739 /* CRHeartLiveView.m in Sources */ = {isa = PBXBuildFile; fileRef = 7445DBFE25A46EA4009A0739 /* CRHeartLiveView.m */; };
		7445DC0525A46EA5009A0739 /* CRHttpRequest.m in Sources */ = {isa = PBXBuildFile; fileRef = 7445DBFF25A46EA4009A0739 /* CRHttpRequest.m */; };
		7445DC0625A46EA5009A0739 /* CRECGResultModel.m in Sources */ = {isa = PBXBuildFile; fileRef = 7445DC0025A46EA5009A0739 /* CRECGResultModel.m */; };
		7445DC0725A46EA5009A0739 /* CRPC80BDisplayView.m in Sources */ = {isa = PBXBuildFile; fileRef = 7445DC0125A46EA5009A0739 /* CRPC80BDisplayView.m */; };
		745B60B32668D2D700D2D4C7 /* libCRPC300SDK.a in Frameworks */ = {isa = PBXBuildFile; fileRef = 745B60B22668D2D700D2D4C7 /* libCRPC300SDK.a */; };
/* End PBXBuildFile section */

/* Begin PBXFileReference section */
		7445DBC425A46CFC009A0739 /* PC_100Demo.app */ = {isa = PBXFileReference; explicitFileType = wrapper.application; includeInIndex = 0; path = PC_100Demo.app; sourceTree = BUILT_PRODUCTS_DIR; };
		7445DBC725A46CFC009A0739 /* AppDelegate.h */ = {isa = PBXFileReference; lastKnownFileType = sourcecode.c.h; path = AppDelegate.h; sourceTree = "<group>"; };
		7445DBC825A46CFC009A0739 /* AppDelegate.m */ = {isa = PBXFileReference; lastKnownFileType = sourcecode.c.objc; path = AppDelegate.m; sourceTree = "<group>"; };
		7445DBCA25A46CFC009A0739 /* SceneDelegate.h */ = {isa = PBXFileReference; lastKnownFileType = sourcecode.c.h; path = SceneDelegate.h; sourceTree = "<group>"; };
		7445DBCB25A46CFC009A0739 /* SceneDelegate.m */ = {isa = PBXFileReference; lastKnownFileType = sourcecode.c.objc; path = SceneDelegate.m; sourceTree = "<group>"; };
		7445DBCD25A46CFC009A0739 /* ViewController.h */ = {isa = PBXFileReference; lastKnownFileType = sourcecode.c.h; path = ViewController.h; sourceTree = "<group>"; };
		7445DBCE25A46CFC009A0739 /* ViewController.m */ = {isa = PBXFileReference; lastKnownFileType = sourcecode.c.objc; path = ViewController.m; sourceTree = "<group>"; };
		7445DBD125A46CFC009A0739 /* Base */ = {isa = PBXFileReference; lastKnownFileType = file.storyboard; name = Base; path = Base.lproj/Main.storyboard; sourceTree = "<group>"; };
		7445DBD325A46CFD009A0739 /* Assets.xcassets */ = {isa = PBXFileReference; lastKnownFileType = folder.assetcatalog; path = Assets.xcassets; sourceTree = "<group>"; };
		7445DBD625A46CFD009A0739 /* Base */ = {isa = PBXFileReference; lastKnownFileType = file.storyboard; name = Base; path = Base.lproj/LaunchScreen.storyboard; sourceTree = "<group>"; };
		7445DBD825A46CFD009A0739 /* Info.plist */ = {isa = PBXFileReference; lastKnownFileType = text.plist.xml; path = Info.plist; sourceTree = "<group>"; };
		7445DBD925A46CFD009A0739 /* main.m */ = {isa = PBXFileReference; lastKnownFileType = sourcecode.c.objc; path = main.m; sourceTree = "<group>"; };
		7445DBE225A46D23009A0739 /* CRBleDevice.h */ = {isa = PBXFileReference; fileEncoding = 4; lastKnownFileType = sourcecode.c.h; path = CRBleDevice.h; sourceTree = "<group>"; };
		7445DBE425A46D23009A0739 /* CRPC_300SDK.h */ = {isa = PBXFileReference; fileEncoding = 4; lastKnownFileType = sourcecode.c.h; path = CRPC_300SDK.h; sourceTree = "<group>"; };
		7445DBE825A46D23009A0739 /* CRBlueToothManager.h */ = {isa = PBXFileReference; fileEncoding = 4; lastKnownFileType = sourcecode.c.h; path = CRBlueToothManager.h; sourceTree = "<group>"; };
		7445DBF025A46E90009A0739 /* CRPC100ViewController.h */ = {isa = PBXFileReference; lastKnownFileType = sourcecode.c.h; path = CRPC100ViewController.h; sourceTree = "<group>"; };
		7445DBF125A46E90009A0739 /* CRPC100ViewController.m */ = {isa = PBXFileReference; lastKnownFileType = sourcecode.c.objc; path = CRPC100ViewController.m; sourceTree = "<group>"; };
		7445DBF225A46E90009A0739 /* CRPC100ViewController.xib */ = {isa = PBXFileReference; lastKnownFileType = file.xib; path = CRPC100ViewController.xib; sourceTree = "<group>"; };
		7445DBF625A46EA4009A0739 /* CRPC80BDisplayView.h */ = {isa = PBXFileReference; fileEncoding = 4; lastKnownFileType = sourcecode.c.h; path = CRPC80BDisplayView.h; sourceTree = "<group>"; };
		7445DBF725A46EA4009A0739 /* CRResult.m */ = {isa = PBXFileReference; fileEncoding = 4; lastKnownFileType = sourcecode.c.objc; path = CRResult.m; sourceTree = "<group>"; };
		7445DBF825A46EA4009A0739 /* CRProgress.m */ = {isa = PBXFileReference; fileEncoding = 4; lastKnownFileType = sourcecode.c.objc; path = CRProgress.m; sourceTree = "<group>"; };
		7445DBF925A46EA4009A0739 /* CRHttpRequest.h */ = {isa = PBXFileReference; fileEncoding = 4; lastKnownFileType = sourcecode.c.h; path = CRHttpRequest.h; sourceTree = "<group>"; };
		7445DBFA25A46EA4009A0739 /* CRProgress.h */ = {isa = PBXFileReference; fileEncoding = 4; lastKnownFileType = sourcecode.c.h; path = CRProgress.h; sourceTree = "<group>"; };
		7445DBFB25A46EA4009A0739 /* CRResult.h */ = {isa = PBXFileReference; fileEncoding = 4; lastKnownFileType = sourcecode.c.h; path = CRResult.h; sourceTree = "<group>"; };
		7445DBFC25A46EA4009A0739 /* CRECGResultModel.h */ = {isa = PBXFileReference; fileEncoding = 4; lastKnownFileType = sourcecode.c.h; path = CRECGResultModel.h; sourceTree = "<group>"; };
		7445DBFD25A46EA4009A0739 /* CRHeartLiveView.h */ = {isa = PBXFileReference; fileEncoding = 4; lastKnownFileType = sourcecode.c.h; path = CRHeartLiveView.h; sourceTree = "<group>"; };
		7445DBFE25A46EA4009A0739 /* CRHeartLiveView.m */ = {isa = PBXFileReference; fileEncoding = 4; lastKnownFileType = sourcecode.c.objc; path = CRHeartLiveView.m; sourceTree = "<group>"; };
		7445DBFF25A46EA4009A0739 /* CRHttpRequest.m */ = {isa = PBXFileReference; fileEncoding = 4; lastKnownFileType = sourcecode.c.objc; path = CRHttpRequest.m; sourceTree = "<group>"; };
		7445DC0025A46EA5009A0739 /* CRECGResultModel.m */ = {isa = PBXFileReference; fileEncoding = 4; lastKnownFileType = sourcecode.c.objc; path = CRECGResultModel.m; sourceTree = "<group>"; };
		7445DC0125A46EA5009A0739 /* CRPC80BDisplayView.m */ = {isa = PBXFileReference; fileEncoding = 4; lastKnownFileType = sourcecode.c.objc; path = CRPC80BDisplayView.m; sourceTree = "<group>"; };
		745B60B22668D2D700D2D4C7 /* libCRPC300SDK.a */ = {isa = PBXFileReference; lastKnownFileType = archive.ar; path = libCRPC300SDK.a; sourceTree = "<group>"; };
/* End PBXFileReference section */

/* Begin PBXFrameworksBuildPhase section */
		7445DBC125A46CFC009A0739 /* Frameworks */ = {
			isa = PBXFrameworksBuildPhase;
			buildActionMask = 2147483647;
			files = (
				745B60B32668D2D700D2D4C7 /* libCRPC300SDK.a in Frameworks */,
			);
			runOnlyForDeploymentPostprocessing = 0;
		};
/* End PBXFrameworksBuildPhase section */

/* Begin PBXGroup section */
		7445DBBB25A46CFC009A0739 = {
			isa = PBXGroup;
			children = (
				7445DBC625A46CFC009A0739 /* PC_100Demo */,
				7445DBC525A46CFC009A0739 /* Products */,
			);
			sourceTree = "<group>";
		};
		7445DBC525A46CFC009A0739 /* Products */ = {
			isa = PBXGroup;
			children = (
				7445DBC425A46CFC009A0739 /* PC_100Demo.app */,
			);
			name = Products;
			sourceTree = "<group>";
		};
		7445DBC625A46CFC009A0739 /* PC_100Demo */ = {
			isa = PBXGroup;
			children = (
				7445DBC725A46CFC009A0739 /* AppDelegate.h */,
				7445DBC825A46CFC009A0739 /* AppDelegate.m */,
				7445DBCA25A46CFC009A0739 /* SceneDelegate.h */,
				7445DBCB25A46CFC009A0739 /* SceneDelegate.m */,
				7445DBCD25A46CFC009A0739 /* ViewController.h */,
				7445DBCE25A46CFC009A0739 /* ViewController.m */,
				7445DBF025A46E90009A0739 /* CRPC100ViewController.h */,
				7445DBF125A46E90009A0739 /* CRPC100ViewController.m */,
				7445DBF225A46E90009A0739 /* CRPC100ViewController.xib */,
				7445DBFC25A46EA4009A0739 /* CRECGResultModel.h */,
				7445DC0025A46EA5009A0739 /* CRECGResultModel.m */,
				7445DBFD25A46EA4009A0739 /* CRHeartLiveView.h */,
				7445DBFE25A46EA4009A0739 /* CRHeartLiveView.m */,
				7445DBF925A46EA4009A0739 /* CRHttpRequest.h */,
				7445DBFF25A46EA4009A0739 /* CRHttpRequest.m */,
				7445DBF625A46EA4009A0739 /* CRPC80BDisplayView.h */,
				7445DC0125A46EA5009A0739 /* CRPC80BDisplayView.m */,
				7445DBFA25A46EA4009A0739 /* CRProgress.h */,
				7445DBF825A46EA4009A0739 /* CRProgress.m */,
				7445DBFB25A46EA4009A0739 /* CRResult.h */,
				7445DBF725A46EA4009A0739 /* CRResult.m */,
				7445DBE125A46D23009A0739 /* SDK */,
				7445DBD025A46CFC009A0739 /* Main.storyboard */,
				7445DBD325A46CFD009A0739 /* Assets.xcassets */,
				7445DBD525A46CFD009A0739 /* LaunchScreen.storyboard */,
				7445DBD825A46CFD009A0739 /* Info.plist */,
				7445DBD925A46CFD009A0739 /* main.m */,
			);
			path = PC_100Demo;
			sourceTree = "<group>";
		};
		7445DBE125A46D23009A0739 /* SDK */ = {
			isa = PBXGroup;
			children = (
				7445DBE825A46D23009A0739 /* CRBlueToothManager.h */,
				7445DBE225A46D23009A0739 /* CRBleDevice.h */,
				7445DBE425A46D23009A0739 /* CRPC_300SDK.h */,
				745B60B22668D2D700D2D4C7 /* libCRPC300SDK.a */,
			);
			path = SDK;
			sourceTree = "<group>";
		};
/* End PBXGroup section */

/* Begin PBXNativeTarget section */
		7445DBC325A46CFC009A0739 /* PC_100Demo */ = {
			isa = PBXNativeTarget;
			buildConfigurationList = 7445DBDD25A46CFD009A0739 /* Build configuration list for PBXNativeTarget "PC_100Demo" */;
			buildPhases = (
				7445DBC025A46CFC009A0739 /* Sources */,
				7445DBC125A46CFC009A0739 /* Frameworks */,
				7445DBC225A46CFC009A0739 /* Resources */,
			);
			buildRules = (
			);
			dependencies = (
			);
			name = PC_100Demo;
			productName = PC_100Demo;
			productReference = 7445DBC425A46CFC009A0739 /* PC_100Demo.app */;
			productType = "com.apple.product-type.application";
		};
/* End PBXNativeTarget section */

/* Begin PBXProject section */
		7445DBBC25A46CFC009A0739 /* Project object */ = {
			isa = PBXProject;
			attributes = {
				LastUpgradeCheck = 1220;
				TargetAttributes = {
					7445DBC325A46CFC009A0739 = {
						CreatedOnToolsVersion = 12.2;
					};
				};
			};
			buildConfigurationList = 7445DBBF25A46CFC009A0739 /* Build configuration list for PBXProject "PC_100Demo" */;
			compatibilityVersion = "Xcode 9.3";
			developmentRegion = en;
			hasScannedForEncodings = 0;
			knownRegions = (
				en,
				Base,
			);
			mainGroup = 7445DBBB25A46CFC009A0739;
			productRefGroup = 7445DBC525A46CFC009A0739 /* Products */;
			projectDirPath = "";
			projectRoot = "";
			targets = (
				7445DBC325A46CFC009A0739 /* PC_100Demo */,
			);
		};
/* End PBXProject section */

/* Begin PBXResourcesBuildPhase section */
		7445DBC225A46CFC009A0739 /* Resources */ = {
			isa = PBXResourcesBuildPhase;
			buildActionMask = 2147483647;
			files = (
				7445DBD725A46CFD009A0739 /* LaunchScreen.storyboard in Resources */,
				7445DBD425A46CFD009A0739 /* Assets.xcassets in Resources */,
				7445DBF425A46E90009A0739 /* CRPC100ViewController.xib in Resources */,
				7445DBD225A46CFC009A0739 /* Main.storyboard in Resources */,
			);
			runOnlyForDeploymentPostprocessing = 0;
		};
/* End PBXResourcesBuildPhase section */

/* Begin PBXSourcesBuildPhase section */
		7445DBC025A46CFC009A0739 /* Sources */ = {
			isa = PBXSourcesBuildPhase;
			buildActionMask = 2147483647;
			files = (
				7445DC0625A46EA5009A0739 /* CRECGResultModel.m in Sources */,
				7445DBF325A46E90009A0739 /* CRPC100ViewController.m in Sources */,
				7445DBCF25A46CFC009A0739 /* ViewController.m in Sources */,
				7445DBC925A46CFC009A0739 /* AppDelegate.m in Sources */,
				7445DBDA25A46CFD009A0739 /* main.m in Sources */,
				7445DC0425A46EA5009A0739 /* CRHeartLiveView.m in Sources */,
				7445DBCC25A46CFC009A0739 /* SceneDelegate.m in Sources */,
				7445DC0325A46EA5009A0739 /* CRProgress.m in Sources */,
				7445DC0225A46EA5009A0739 /* CRResult.m in Sources */,
				7445DC0725A46EA5009A0739 /* CRPC80BDisplayView.m in Sources */,
				7445DC0525A46EA5009A0739 /* CRHttpRequest.m in Sources */,
			);
			runOnlyForDeploymentPostprocessing = 0;
		};
/* End PBXSourcesBuildPhase section */

/* Begin PBXVariantGroup section */
		7445DBD025A46CFC009A0739 /* Main.storyboard */ = {
			isa = PBXVariantGroup;
			children = (
				7445DBD125A46CFC009A0739 /* Base */,
			);
			name = Main.storyboard;
			sourceTree = "<group>";
		};
		7445DBD525A46CFD009A0739 /* LaunchScreen.storyboard */ = {
			isa = PBXVariantGroup;
			children = (
				7445DBD625A46CFD009A0739 /* Base */,
			);
			name = LaunchScreen.storyboard;
			sourceTree = "<group>";
		};
/* End PBXVariantGroup section */

/* Begin XCBuildConfiguration section */
		7445DBDB25A46CFD009A0739 /* Debug */ = {
			isa = XCBuildConfiguration;
			buildSettings = {
				ALWAYS_SEARCH_USER_PATHS = NO;
				CLANG_ANALYZER_NONNULL = YES;
				CLANG_ANALYZER_NUMBER_OBJECT_CONVERSION = YES_AGGRESSIVE;
				CLANG_CXX_LANGUAGE_STANDARD = "gnu++14";
				CLANG_CXX_LIBRARY = "libc++";
				CLANG_ENABLE_MODULES = YES;
				CLANG_ENABLE_OBJC_ARC = YES;
				CLANG_ENABLE_OBJC_WEAK = YES;
				CLANG_WARN_BLOCK_CAPTURE_AUTORELEASING = YES;
				CLANG_WARN_BOOL_CONVERSION = YES;
				CLANG_WARN_COMMA = YES;
				CLANG_WARN_CONSTANT_CONVERSION = YES;
				CLANG_WARN_DEPRECATED_OBJC_IMPLEMENTATIONS = YES;
				CLANG_WARN_DIRECT_OBJC_ISA_USAGE = YES_ERROR;
				CLANG_WARN_DOCUMENTATION_COMMENTS = YES;
				CLANG_WARN_EMPTY_BODY = YES;
				CLANG_WARN_ENUM_CONVERSION = YES;
				CLANG_WARN_INFINITE_RECURSION = YES;
				CLANG_WARN_INT_CONVERSION = YES;
				CLANG_WARN_NON_LITERAL_NULL_CONVERSION = YES;
				CLANG_WARN_OBJC_IMPLICIT_RETAIN_SELF = YES;
				CLANG_WARN_OBJC_LITERAL_CONVERSION = YES;
				CLANG_WARN_OBJC_ROOT_CLASS = YES_ERROR;
				CLANG_WARN_QUOTED_INCLUDE_IN_FRAMEWORK_HEADER = YES;
				CLANG_WARN_RANGE_LOOP_ANALYSIS = YES;
				CLANG_WARN_STRICT_PROTOTYPES = YES;
				CLANG_WARN_SUSPICIOUS_MOVE = YES;
				CLANG_WARN_UNGUARDED_AVAILABILITY = YES_AGGRESSIVE;
				CLANG_WARN_UNREACHABLE_CODE = YES;
				CLANG_WARN__DUPLICATE_METHOD_MATCH = YES;
				COPY_PHASE_STRIP = NO;
				DEBUG_INFORMATION_FORMAT = dwarf;
				ENABLE_STRICT_OBJC_MSGSEND = YES;
				ENABLE_TESTABILITY = YES;
				GCC_C_LANGUAGE_STANDARD = gnu11;
				GCC_DYNAMIC_NO_PIC = NO;
				GCC_NO_COMMON_BLOCKS = YES;
				GCC_OPTIMIZATION_LEVEL = 0;
				GCC_PREPROCESSOR_DEFINITIONS = (
					"DEBUG=1",
					"$(inherited)",
				);
				GCC_WARN_64_TO_32_BIT_CONVERSION = YES;
				GCC_WARN_ABOUT_RETURN_TYPE = YES_ERROR;
				GCC_WARN_UNDECLARED_SELECTOR = YES;
				GCC_WARN_UNINITIALIZED_AUTOS = YES_AGGRESSIVE;
				GCC_WARN_UNUSED_FUNCTION = YES;
				GCC_WARN_UNUSED_VARIABLE = YES;
				IPHONEOS_DEPLOYMENT_TARGET = 14.2;
				MTL_ENABLE_DEBUG_INFO = INCLUDE_SOURCE;
				MTL_FAST_MATH = YES;
				ONLY_ACTIVE_ARCH = YES;
				SDKROOT = iphoneos;
			};
			name = Debug;
		};
		7445DBDC25A46CFD009A0739 /* Release */ = {
			isa = XCBuildConfiguration;
			buildSettings = {
				ALWAYS_SEARCH_USER_PATHS = NO;
				CLANG_ANALYZER_NONNULL = YES;
				CLANG_ANALYZER_NUMBER_OBJECT_CONVERSION = YES_AGGRESSIVE;
				CLANG_CXX_LANGUAGE_STANDARD = "gnu++14";
				CLANG_CXX_LIBRARY = "libc++";
				CLANG_ENABLE_MODULES = YES;
				CLANG_ENABLE_OBJC_ARC = YES;
				CLANG_ENABLE_OBJC_WEAK = YES;
				CLANG_WARN_BLOCK_CAPTURE_AUTORELEASING = YES;
				CLANG_WARN_BOOL_CONVERSION = YES;
				CLANG_WARN_COMMA = YES;
				CLANG_WARN_CONSTANT_CONVERSION = YES;
				CLANG_WARN_DEPRECATED_OBJC_IMPLEMENTATIONS = YES;
				CLANG_WARN_DIRECT_OBJC_ISA_USAGE = YES_ERROR;
				CLANG_WARN_DOCUMENTATION_COMMENTS = YES;
				CLANG_WARN_EMPTY_BODY = YES;
				CLANG_WARN_ENUM_CONVERSION = YES;
				CLANG_WARN_INFINITE_RECURSION = YES;
				CLANG_WARN_INT_CONVERSION = YES;
				CLANG_WARN_NON_LITERAL_NULL_CONVERSION = YES;
				CLANG_WARN_OBJC_IMPLICIT_RETAIN_SELF = YES;
				CLANG_WARN_OBJC_LITERAL_CONVERSION = YES;
				CLANG_WARN_OBJC_ROOT_CLASS = YES_ERROR;
				CLANG_WARN_QUOTED_INCLUDE_IN_FRAMEWORK_HEADER = YES;
				CLANG_WARN_RANGE_LOOP_ANALYSIS = YES;
				CLANG_WARN_STRICT_PROTOTYPES = YES;
				CLANG_WARN_SUSPICIOUS_MOVE = YES;
				CLANG_WARN_UNGUARDED_AVAILABILITY = YES_AGGRESSIVE;
				CLANG_WARN_UNREACHABLE_CODE = YES;
				CLANG_WARN__DUPLICATE_METHOD_MATCH = YES;
				COPY_PHASE_STRIP = NO;
				DEBUG_INFORMATION_FORMAT = "dwarf-with-dsym";
				ENABLE_NS_ASSERTIONS = NO;
				ENABLE_STRICT_OBJC_MSGSEND = YES;
				GCC_C_LANGUAGE_STANDARD = gnu11;
				GCC_NO_COMMON_BLOCKS = YES;
				GCC_WARN_64_TO_32_BIT_CONVERSION = YES;
				GCC_WARN_ABOUT_RETURN_TYPE = YES_ERROR;
				GCC_WARN_UNDECLARED_SELECTOR = YES;
				GCC_WARN_UNINITIALIZED_AUTOS = YES_AGGRESSIVE;
				GCC_WARN_UNUSED_FUNCTION = YES;
				GCC_WARN_UNUSED_VARIABLE = YES;
				IPHONEOS_DEPLOYMENT_TARGET = 14.2;
				MTL_ENABLE_DEBUG_INFO = NO;
				MTL_FAST_MATH = YES;
				SDKROOT = iphoneos;
				VALIDATE_PRODUCT = YES;
			};
			name = Release;
		};
		7445DBDE25A46CFD009A0739 /* Debug */ = {
			isa = XCBuildConfiguration;
			buildSettings = {
				ASSETCATALOG_COMPILER_APPICON_NAME = AppIcon;
				ASSETCATALOG_COMPILER_GLOBAL_ACCENT_COLOR_NAME = AccentColor;
				CODE_SIGN_STYLE = Automatic;
				DEVELOPMENT_TEAM = L79NFY6463;
				INFOPLIST_FILE = PC_100Demo/Info.plist;
				IPHONEOS_DEPLOYMENT_TARGET = 10.0;
				LD_RUNPATH_SEARCH_PATHS = (
					"$(inherited)",
					"@executable_path/Frameworks",
				);
				LIBRARY_SEARCH_PATHS = (
					"$(inherited)",
					"$(PROJECT_DIR)/PC_100Demo/SDK",
				);
				PRODUCT_BUNDLE_IDENTIFIER = "com.creative.PC-100Demo";
				PRODUCT_NAME = "$(TARGET_NAME)";
				TARGETED_DEVICE_FAMILY = "1,2";
			};
			name = Debug;
		};
		7445DBDF25A46CFD009A0739 /* Release */ = {
			isa = XCBuildConfiguration;
			buildSettings = {
				ASSETCATALOG_COMPILER_APPICON_NAME = AppIcon;
				ASSETCATALOG_COMPILER_GLOBAL_ACCENT_COLOR_NAME = AccentColor;
				CODE_SIGN_STYLE = Automatic;
				DEVELOPMENT_TEAM = L79NFY6463;
				INFOPLIST_FILE = PC_100Demo/Info.plist;
				IPHONEOS_DEPLOYMENT_TARGET = 10.0;
				LD_RUNPATH_SEARCH_PATHS = (
					"$(inherited)",
					"@executable_path/Frameworks",
				);
				LIBRARY_SEARCH_PATHS = (
					"$(inherited)",
					"$(PROJECT_DIR)/PC_100Demo/SDK",
				);
				PRODUCT_BUNDLE_IDENTIFIER = "com.creative.PC-100Demo";
				PRODUCT_NAME = "$(TARGET_NAME)";
				TARGETED_DEVICE_FAMILY = "1,2";
			};
			name = Release;
		};
/* End XCBuildConfiguration section */

/* Begin XCConfigurationList section */
		7445DBBF25A46CFC009A0739 /* Build configuration list for PBXProject "PC_100Demo" */ = {
			isa = XCConfigurationList;
			buildConfigurations = (
				7445DBDB25A46CFD009A0739 /* Debug */,
				7445DBDC25A46CFD009A0739 /* Release */,
			);
			defaultConfigurationIsVisible = 0;
			defaultConfigurationName = Release;
		};
		7445DBDD25A46CFD009A0739 /* Build configuration list for PBXNativeTarget "PC_100Demo" */ = {
			isa = XCConfigurationList;
			buildConfigurations = (
				7445DBDE25A46CFD009A0739 /* Debug */,
				7445DBDF25A46CFD009A0739 /* Release */,
			);
			defaultConfigurationIsVisible = 0;
			defaultConfigurationName = Release;
		};
/* End XCConfigurationList section */
	};
	rootObject = 7445DBBC25A46CFC009A0739 /* Project object */;
}
